
Microsoft Visual Studio Solution File, Format Version 12.00
# Visual Studio Version 17
VisualStudioVersion = 17.9.34616.47
MinimumVisualStudioVersion = 10.0.40219.1
Project("{8BC9CEB8-8B4A-11D0-8D11-00A0C91BC942}") = "Simple-MBR-Overwrite", "Simple-MBR-Overwrite\Simple-MBR-Overwrite.vcxproj", "{914FF8B5-3DB1-4EB6-9B7E-7B220C03672F}"
EndProject
Global
	GlobalSection(SolutionConfigurationPlatforms) = preSolution
		Debug|x64 = Debug|x64
		Debug|x86 = Debug|x86
		Release|x64 = Release|x64
		Release|x86 = Release|x86
	EndGlobalSection
	GlobalSection(ProjectConfigurationPlatforms) = postSolution
		{914FF8B5-3DB1-4EB6-9B7E-7B220C03672F}.Debug|x64.ActiveCfg = Debug|x64
		{914FF8B5-3DB1-4EB6-9B7E-7B220C03672F}.Debug|x64.Build.0 = Debug|x64
		{914FF8B5-3DB1-4EB6-9B7E-7B220C03672F}.Debug|x86.ActiveCfg = Debug|Win32
		{914FF8B5-3DB1-4EB6-9B7E-7B220C03672F}.Debug|x86.Build.0 = Debug|Win32
		{914FF8B5-3DB1-4EB6-9B7E-7B220C03672F}.Release|x64.ActiveCfg = Release|x64
		{914FF8B5-3DB1-4EB6-9B7E-7B220C03672F}.Release|x64.Build.0 = Release|x64
		{914FF8B5-3DB1-4EB6-9B7E-7B220C03672F}.Release|x86.ActiveCfg = Release|Win32
		{914FF8B5-3DB1-4EB6-9B7E-7B220C03672F}.Release|x86.Build.0 = Release|Win32
	EndGlobalSection
	GlobalSection(SolutionProperties) = preSolution
		HideSolutionNode = FALSE
	EndGlobalSection
	GlobalSection(ExtensibilityGlobals) = postSolution
		SolutionGuid = {62D73D34-DF9B-4E02-9892-988CE246DC53}
	EndGlobalSection
EndGlobal
